// !$*UTF8*$!
{
	archiveVersion = 1;
	classes = {
	};
	objectVersion = 46;
	objects = {

/* Begin PBXBuildFile section */
		04A3643E05F591FCEE42C585 /* Pods_dollar.framework in Frameworks */ = {isa = PBXBuildFile; fileRef = 29ABEF48150F355E003AFA26 /* Pods_dollar.framework */; };
		385061D99B12462C39A8847F /* GameScene.swift in Sources */ = {isa = PBXBuildFile; fileRef = 385063590D25079A240D5644 /* GameScene.swift */; };
		385063B74762C6DE4CBE8927 /* dollarTests.swift in Sources */ = {isa = PBXBuildFile; fileRef = 385063BF0F0368562F2361AD /* dollarTests.swift */; };
		385064AAF0696D8D3B8CC3E9 /* GameViewController.swift in Sources */ = {isa = PBXBuildFile; fileRef = 385065DD782326327736B95C /* GameViewController.swift */; };
		385064FD74F5ECC60E6B84B9 /* AppDelegate.swift in Sources */ = {isa = PBXBuildFile; fileRef = 38506A8798C2BA9709C83A29 /* AppDelegate.swift */; };
		38506C74EFA3A8FA0E3336C3 /* dollarUITests.swift in Sources */ = {isa = PBXBuildFile; fileRef = 3850686BDB26082B17D5379C /* dollarUITests.swift */; };
		38506D8F8ED0D5238929C1FA /* LaunchScreen.storyboard in Resources */ = {isa = PBXBuildFile; fileRef = 38506D1EBC764044B81BD0E3 /* LaunchScreen.storyboard */; };
		38506EFF66AD0E64D24BA8BA /* Assets.xcassets in Resources */ = {isa = PBXBuildFile; fileRef = 38506A19266CC028F070656A /* Assets.xcassets */; };
		877B7CBFEC94A05C48435B2C /* Pods_dollarUITests.framework in Frameworks */ = {isa = PBXBuildFile; fileRef = A19F211CD44B5F640272EBBD /* Pods_dollarUITests.framework */; };
		9894A6088F62F3A252DBE7ED /* Pods_dollarTests.framework in Frameworks */ = {isa = PBXBuildFile; fileRef = 52AD92836B30145565FFC0B0 /* Pods_dollarTests.framework */; };
/* End PBXBuildFile section */

/* Begin PBXContainerItemProxy section */
		3850611AF3CA19A7AC524553 /* PBXContainerItemProxy */ = {
			isa = PBXContainerItemProxy;
			containerPortal = 385063522DC74A5C23DF2276 /* Project object */;
			proxyType = 1;
			remoteGlobalIDString = 38506E1F073CEA3318E35BBA;
			remoteInfo = dollar;
		};
		38506ED1DF1B767B0F511218 /* PBXContainerItemProxy */ = {
			isa = PBXContainerItemProxy;
			containerPortal = 385063522DC74A5C23DF2276 /* Project object */;
			proxyType = 1;
			remoteGlobalIDString = 38506E1F073CEA3318E35BBA;
			remoteInfo = dollar;
		};
/* End PBXContainerItemProxy section */

/* Begin PBXFileReference section */
		29ABEF48150F355E003AFA26 /* Pods_dollar.framework */ = {isa = PBXFileReference; explicitFileType = wrapper.framework; includeInIndex = 0; path = Pods_dollar.framework; sourceTree = BUILT_PRODUCTS_DIR; };
		36ED4E63AA5CC47160EDEFF0 /* Pods-dollarUITests.release.xcconfig */ = {isa = PBXFileReference; includeInIndex = 1; lastKnownFileType = text.xcconfig; name = "Pods-dollarUITests.release.xcconfig"; path = "Pods/Target Support Files/Pods-dollarUITests/Pods-dollarUITests.release.xcconfig"; sourceTree = "<group>"; };
		38506164CF7C7D02AEF75BB1 /* Info.plist */ = {isa = PBXFileReference; lastKnownFileType = text.plist.info; path = Info.plist; sourceTree = "<group>"; };
		385061BBE671084944054DAD /* Info.plist */ = {isa = PBXFileReference; lastKnownFileType = text.plist.info; path = Info.plist; sourceTree = "<group>"; };
		385063590D25079A240D5644 /* GameScene.swift */ = {isa = PBXFileReference; lastKnownFileType = sourcecode.swift; path = GameScene.swift; sourceTree = "<group>"; };
		385063BF0F0368562F2361AD /* dollarTests.swift */ = {isa = PBXFileReference; lastKnownFileType = sourcecode.swift; path = dollarTests.swift; sourceTree = "<group>"; };
		38506493E1051DAC5E2EC581 /* Info.plist */ = {isa = PBXFileReference; lastKnownFileType = text.plist.info; path = Info.plist; sourceTree = "<group>"; };
		385065DD782326327736B95C /* GameViewController.swift */ = {isa = PBXFileReference; lastKnownFileType = sourcecode.swift; path = GameViewController.swift; sourceTree = "<group>"; };
		3850672ADF166A6FA7038A14 /* dollar.app */ = {isa = PBXFileReference; explicitFileType = wrapper.application; includeInIndex = 0; path = dollar.app; sourceTree = BUILT_PRODUCTS_DIR; };
		3850686BDB26082B17D5379C /* dollarUITests.swift */ = {isa = PBXFileReference; lastKnownFileType = sourcecode.swift; path = dollarUITests.swift; sourceTree = "<group>"; };
		38506A19266CC028F070656A /* Assets.xcassets */ = {isa = PBXFileReference; lastKnownFileType = folder.assetcatalog; path = Assets.xcassets; sourceTree = "<group>"; };
		38506A8798C2BA9709C83A29 /* AppDelegate.swift */ = {isa = PBXFileReference; lastKnownFileType = sourcecode.swift; path = AppDelegate.swift; sourceTree = "<group>"; };
		38506CAE17E032D1CB2800CD /* dollarUITests.xctest */ = {isa = PBXFileReference; explicitFileType = wrapper.cfbundle; includeInIndex = 0; path = dollarUITests.xctest; sourceTree = BUILT_PRODUCTS_DIR; };
		38506DA05B12925CF3C0E4F4 /* Base */ = {isa = PBXFileReference; lastKnownFileType = file.storyboard; name = Base; path = Base.lproj/LaunchScreen.storyboard; sourceTree = "<group>"; };
		38506DDBABCAC85DAE70DB84 /* dollarTests.xctest */ = {isa = PBXFileReference; explicitFileType = wrapper.cfbundle; includeInIndex = 0; path = dollarTests.xctest; sourceTree = BUILT_PRODUCTS_DIR; };
		3F37AE4C4E33139BB2F6F371 /* Pods-dollarTests.release.xcconfig */ = {isa = PBXFileReference; includeInIndex = 1; lastKnownFileType = text.xcconfig; name = "Pods-dollarTests.release.xcconfig"; path = "Pods/Target Support Files/Pods-dollarTests/Pods-dollarTests.release.xcconfig"; sourceTree = "<group>"; };
		45FDAA066EE6E8504D5B7AE4 /* Pods-dollar.debug.xcconfig */ = {isa = PBXFileReference; includeInIndex = 1; lastKnownFileType = text.xcconfig; name = "Pods-dollar.debug.xcconfig"; path = "Pods/Target Support Files/Pods-dollar/Pods-dollar.debug.xcconfig"; sourceTree = "<group>"; };
		52AD92836B30145565FFC0B0 /* Pods_dollarTests.framework */ = {isa = PBXFileReference; explicitFileType = wrapper.framework; includeInIndex = 0; path = Pods_dollarTests.framework; sourceTree = BUILT_PRODUCTS_DIR; };
		7DAFEE326E584947F3B66C23 /* Pods-dollarTests.debug.xcconfig */ = {isa = PBXFileReference; includeInIndex = 1; lastKnownFileType = text.xcconfig; name = "Pods-dollarTests.debug.xcconfig"; path = "Pods/Target Support Files/Pods-dollarTests/Pods-dollarTests.debug.xcconfig"; sourceTree = "<group>"; };
		A19F211CD44B5F640272EBBD /* Pods_dollarUITests.framework */ = {isa = PBXFileReference; explicitFileType = wrapper.framework; includeInIndex = 0; path = Pods_dollarUITests.framework; sourceTree = BUILT_PRODUCTS_DIR; };
		C457DB9B02B08A40B822FA59 /* Pods-dollarUITests.debug.xcconfig */ = {isa = PBXFileReference; includeInIndex = 1; lastKnownFileType = text.xcconfig; name = "Pods-dollarUITests.debug.xcconfig"; path = "Pods/Target Support Files/Pods-dollarUITests/Pods-dollarUITests.debug.xcconfig"; sourceTree = "<group>"; };
		F97D61709F095CA5D064C0D6 /* Pods-dollar.release.xcconfig */ = {isa = PBXFileReference; includeInIndex = 1; lastKnownFileType = text.xcconfig; name = "Pods-dollar.release.xcconfig"; path = "Pods/Target Support Files/Pods-dollar/Pods-dollar.release.xcconfig"; sourceTree = "<group>"; };
/* End PBXFileReference section */

/* Begin PBXFrameworksBuildPhase section */
		385061D6575BA709A4C2D4FC /* Frameworks */ = {
			isa = PBXFrameworksBuildPhase;
			buildActionMask = 2147483647;
			files = (
				04A3643E05F591FCEE42C585 /* Pods_dollar.framework in Frameworks */,
			);
			runOnlyForDeploymentPostprocessing = 0;
		};
		385067602141BBD61AFEC8DE /* Frameworks */ = {
			isa = PBXFrameworksBuildPhase;
			buildActionMask = 2147483647;
			files = (
				9894A6088F62F3A252DBE7ED /* Pods_dollarTests.framework in Frameworks */,
			);
			runOnlyForDeploymentPostprocessing = 0;
		};
		3850686CDCD54557B52D8C20 /* Frameworks */ = {
			isa = PBXFrameworksBuildPhase;
			buildActionMask = 2147483647;
			files = (
				877B7CBFEC94A05C48435B2C /* Pods_dollarUITests.framework in Frameworks */,
			);
			runOnlyForDeploymentPostprocessing = 0;
		};
/* End PBXFrameworksBuildPhase section */

/* Begin PBXGroup section */
		385062CECEE8849DAF964363 /* dollar */ = {
			isa = PBXGroup;
			children = (
				38506493E1051DAC5E2EC581 /* Info.plist */,
				38506A19266CC028F070656A /* Assets.xcassets */,
				38506D1EBC764044B81BD0E3 /* LaunchScreen.storyboard */,
				38506A8798C2BA9709C83A29 /* AppDelegate.swift */,
				385063590D25079A240D5644 /* GameScene.swift */,
				385065DD782326327736B95C /* GameViewController.swift */,
			);
			path = dollar;
			sourceTree = "<group>";
		};
		3850646643049CB216458534 /* dollarUITests */ = {
			isa = PBXGroup;
			children = (
				385061BBE671084944054DAD /* Info.plist */,
				3850686BDB26082B17D5379C /* dollarUITests.swift */,
			);
			path = dollarUITests;
			sourceTree = "<group>";
		};
		38506554481737AC9725534B /* dollarTests */ = {
			isa = PBXGroup;
			children = (
				38506164CF7C7D02AEF75BB1 /* Info.plist */,
				385063BF0F0368562F2361AD /* dollarTests.swift */,
			);
			path = dollarTests;
			sourceTree = "<group>";
		};
		385065CD2DF05B61C22B3355 /* Products */ = {
			isa = PBXGroup;
			children = (
				3850672ADF166A6FA7038A14 /* dollar.app */,
				38506DDBABCAC85DAE70DB84 /* dollarTests.xctest */,
				38506CAE17E032D1CB2800CD /* dollarUITests.xctest */,
			);
			name = Products;
			sourceTree = "<group>";
		};
		38506A43ADA3CCD2C4F5719E = {
			isa = PBXGroup;
			children = (
				385065CD2DF05B61C22B3355 /* Products */,
				385062CECEE8849DAF964363 /* dollar */,
				38506554481737AC9725534B /* dollarTests */,
				3850646643049CB216458534 /* dollarUITests */,
				BF7C26378A869CC7F46B9AD7 /* Pods */,
				5D31AD5F5B5CAA6407B3D0E1 /* Frameworks */,
			);
			sourceTree = "<group>";
		};
		5D31AD5F5B5CAA6407B3D0E1 /* Frameworks */ = {
			isa = PBXGroup;
			children = (
				29ABEF48150F355E003AFA26 /* Pods_dollar.framework */,
				52AD92836B30145565FFC0B0 /* Pods_dollarTests.framework */,
				A19F211CD44B5F640272EBBD /* Pods_dollarUITests.framework */,
			);
			name = Frameworks;
			sourceTree = "<group>";
		};
		BF7C26378A869CC7F46B9AD7 /* Pods */ = {
			isa = PBXGroup;
			children = (
				45FDAA066EE6E8504D5B7AE4 /* Pods-dollar.debug.xcconfig */,
				F97D61709F095CA5D064C0D6 /* Pods-dollar.release.xcconfig */,
				7DAFEE326E584947F3B66C23 /* Pods-dollarTests.debug.xcconfig */,
				3F37AE4C4E33139BB2F6F371 /* Pods-dollarTests.release.xcconfig */,
				C457DB9B02B08A40B822FA59 /* Pods-dollarUITests.debug.xcconfig */,
				36ED4E63AA5CC47160EDEFF0 /* Pods-dollarUITests.release.xcconfig */,
			);
			name = Pods;
			sourceTree = "<group>";
		};
/* End PBXGroup section */

/* Begin PBXNativeTarget section */
		385069D5C2199CB0D511E4E2 /* dollarTests */ = {
			isa = PBXNativeTarget;
			buildConfigurationList = 38506391A5E1C07BCE843023 /* Build configuration list for PBXNativeTarget "dollarTests" */;
			buildPhases = (
				3BE17162C66B5236803186CD /* [CP] Check Pods Manifest.lock */,
				38506FE4F0C3CD5B8309C561 /* Sources */,
				385067602141BBD61AFEC8DE /* Frameworks */,
				38506B708ED97887F2E13581 /* Resources */,
				F9F7E0154B2607CCF9639D8B /* [CP] Embed Pods Frameworks */,
				3FE0968BC3F49D383082D802 /* [CP] Copy Pods Resources */,
			);
			buildRules = (
			);
			dependencies = (
				38506F39D312C88D9B707255 /* PBXTargetDependency */,
			);
			name = dollarTests;
			productName = dollarTests;
			productReference = 38506DDBABCAC85DAE70DB84 /* dollarTests.xctest */;
			productType = "com.apple.product-type.bundle.unit-test";
		};
		38506DB1B0CF0527512D3564 /* dollarUITests */ = {
			isa = PBXNativeTarget;
			buildConfigurationList = 3850690C9C182D130702F7D0 /* Build configuration list for PBXNativeTarget "dollarUITests" */;
			buildPhases = (
				98494887EDEC511A6643D0B1 /* [CP] Check Pods Manifest.lock */,
				385062A092676BAF80AB9D8B /* Sources */,
				3850686CDCD54557B52D8C20 /* Frameworks */,
				385067C11FD7C4E9C8154722 /* Resources */,
				5F0A12324A269D4BE2DAE3FD /* [CP] Embed Pods Frameworks */,
				767A05412D023F77FAC18159 /* [CP] Copy Pods Resources */,
			);
			buildRules = (
			);
			dependencies = (
				38506582AB74025A6B35A025 /* PBXTargetDependency */,
			);
			name = dollarUITests;
			productName = dollarUITests;
			productReference = 38506CAE17E032D1CB2800CD /* dollarUITests.xctest */;
			productType = "com.apple.product-type.bundle.ui-testing";
		};
		38506E1F073CEA3318E35BBA /* dollar */ = {
			isa = PBXNativeTarget;
			buildConfigurationList = 385066CFF87191484DDDC5B1 /* Build configuration list for PBXNativeTarget "dollar" */;
			buildPhases = (
				F91A8E8E631BA6C1683B1303 /* [CP] Check Pods Manifest.lock */,
				38506CEA598BBF3B323FED3A /* Sources */,
				385061D6575BA709A4C2D4FC /* Frameworks */,
				38506134BDF8355F33BF2D9E /* Resources */,
				16568AABAF3B0476BFE416FC /* [CP] Embed Pods Frameworks */,
				79E65B225DE1DA81A2676501 /* [CP] Copy Pods Resources */,
			);
			buildRules = (
			);
			dependencies = (
			);
			name = dollar;
			productName = dollar;
			productReference = 3850672ADF166A6FA7038A14 /* dollar.app */;
			productType = "com.apple.product-type.application";
		};
/* End PBXNativeTarget section */

/* Begin PBXProject section */
		385063522DC74A5C23DF2276 /* Project object */ = {
			isa = PBXProject;
			attributes = {
				CLASSPREFIX = "";
				ORGANIZATIONNAME = yiyiyi;
			};
			buildConfigurationList = 385063A518FF9637435FFCD4 /* Build configuration list for PBXProject "dollar" */;
			compatibilityVersion = "Xcode 3.2";
			developmentRegion = English;
			hasScannedForEncodings = 0;
			knownRegions = (
				en,
			);
			mainGroup = 38506A43ADA3CCD2C4F5719E;
			productRefGroup = 385065CD2DF05B61C22B3355 /* Products */;
			projectDirPath = "";
			projectRoot = "";
			targets = (
				38506E1F073CEA3318E35BBA /* dollar */,
				385069D5C2199CB0D511E4E2 /* dollarTests */,
				38506DB1B0CF0527512D3564 /* dollarUITests */,
			);
		};
/* End PBXProject section */

/* Begin PBXResourcesBuildPhase section */
		38506134BDF8355F33BF2D9E /* Resources */ = {
			isa = PBXResourcesBuildPhase;
			buildActionMask = 2147483647;
			files = (
				38506EFF66AD0E64D24BA8BA /* Assets.xcassets in Resources */,
				38506D8F8ED0D5238929C1FA /* LaunchScreen.storyboard in Resources */,
			);
			runOnlyForDeploymentPostprocessing = 0;
		};
		385067C11FD7C4E9C8154722 /* Resources */ = {
			isa = PBXResourcesBuildPhase;
			buildActionMask = 2147483647;
			files = (
			);
			runOnlyForDeploymentPostprocessing = 0;
		};
		38506B708ED97887F2E13581 /* Resources */ = {
			isa = PBXResourcesBuildPhase;
			buildActionMask = 2147483647;
			files = (
			);
			runOnlyForDeploymentPostprocessing = 0;
		};
/* End PBXResourcesBuildPhase section */

/* Begin PBXShellScriptBuildPhase section */
		16568AABAF3B0476BFE416FC /* [CP] Embed Pods Frameworks */ = {
			isa = PBXShellScriptBuildPhase;
			buildActionMask = 2147483647;
			files = (
			);
			inputPaths = (
				"${SRCROOT}/Pods/Target Support Files/Pods-dollar/Pods-dollar-frameworks.sh",
				"${BUILT_PRODUCTS_DIR}/SocketRocket/SocketRocket.framework",
			);
			name = "[CP] Embed Pods Frameworks";
			outputPaths = (
				"${TARGET_BUILD_DIR}/${FRAMEWORKS_FOLDER_PATH}/SocketRocket.framework",
			);
			runOnlyForDeploymentPostprocessing = 0;
			shellPath = /bin/sh;
			shellScript = "\"${SRCROOT}/Pods/Target Support Files/Pods-dollar/Pods-dollar-frameworks.sh\"\n";
			showEnvVarsInLog = 0;
		};
		3BE17162C66B5236803186CD /* [CP] Check Pods Manifest.lock */ = {
			isa = PBXShellScriptBuildPhase;
			buildActionMask = 2147483647;
			files = (
			);
			inputPaths = (
				"${PODS_PODFILE_DIR_PATH}/Podfile.lock",
				"${PODS_ROOT}/Manifest.lock",
			);
			name = "[CP] Check Pods Manifest.lock";
			outputPaths = (
				"$(DERIVED_FILE_DIR)/Pods-dollarTests-checkManifestLockResult.txt",
			);
			runOnlyForDeploymentPostprocessing = 0;
			shellPath = /bin/sh;
			shellScript = "diff \"${PODS_PODFILE_DIR_PATH}/Podfile.lock\" \"${PODS_ROOT}/Manifest.lock\" > /dev/null\nif [ $? != 0 ] ; then\n    # print error to STDERR\n    echo \"error: The sandbox is not in sync with the Podfile.lock. Run 'pod install' or update your CocoaPods installation.\" >&2\n    exit 1\nfi\n# This output is used by Xcode 'outputs' to avoid re-running this script phase.\necho \"SUCCESS\" > \"${SCRIPT_OUTPUT_FILE_0}\"\n";
			showEnvVarsInLog = 0;
		};
		3FE0968BC3F49D383082D802 /* [CP] Copy Pods Resources */ = {
			isa = PBXShellScriptBuildPhase;
			buildActionMask = 2147483647;
			files = (
			);
			inputPaths = (
			);
			name = "[CP] Copy Pods Resources";
			outputPaths = (
			);
			runOnlyForDeploymentPostprocessing = 0;
			shellPath = /bin/sh;
			shellScript = "\"${SRCROOT}/Pods/Target Support Files/Pods-dollarTests/Pods-dollarTests-resources.sh\"\n";
			showEnvVarsInLog = 0;
		};
		5F0A12324A269D4BE2DAE3FD /* [CP] Embed Pods Frameworks */ = {
			isa = PBXShellScriptBuildPhase;
			buildActionMask = 2147483647;
			files = (
			);
			inputPaths = (
			);
			name = "[CP] Embed Pods Frameworks";
			outputPaths = (
			);
			runOnlyForDeploymentPostprocessing = 0;
			shellPath = /bin/sh;
			shellScript = "\"${SRCROOT}/Pods/Target Support Files/Pods-dollarUITests/Pods-dollarUITests-frameworks.sh\"\n";
			showEnvVarsInLog = 0;
		};
		767A05412D023F77FAC18159 /* [CP] Copy Pods Resources */ = {
			isa = PBXShellScriptBuildPhase;
			buildActionMask = 2147483647;
			files = (
			);
			inputPaths = (
			);
			name = "[CP] Copy Pods Resources";
			outputPaths = (
			);
			runOnlyForDeploymentPostprocessing = 0;
			shellPath = /bin/sh;
			shellScript = "\"${SRCROOT}/Pods/Target Support Files/Pods-dollarUITests/Pods-dollarUITests-resources.sh\"\n";
			showEnvVarsInLog = 0;
		};
		79E65B225DE1DA81A2676501 /* [CP] Copy Pods Resources */ = {
			isa = PBXShellScriptBuildPhase;
			buildActionMask = 2147483647;
			files = (
			);
			inputPaths = (
			);
			name = "[CP] Copy Pods Resources";
			outputPaths = (
			);
			runOnlyForDeploymentPostprocessing = 0;
			shellPath = /bin/sh;
			shellScript = "\"${SRCROOT}/Pods/Target Support Files/Pods-dollar/Pods-dollar-resources.sh\"\n";
			showEnvVarsInLog = 0;
		};
		98494887EDEC511A6643D0B1 /* [CP] Check Pods Manifest.lock */ = {
			isa = PBXShellScriptBuildPhase;
			buildActionMask = 2147483647;
			files = (
			);
			inputPaths = (
				"${PODS_PODFILE_DIR_PATH}/Podfile.lock",
				"${PODS_ROOT}/Manifest.lock",
			);
			name = "[CP] Check Pods Manifest.lock";
			outputPaths = (
				"$(DERIVED_FILE_DIR)/Pods-dollarUITests-checkManifestLockResult.txt",
			);
			runOnlyForDeploymentPostprocessing = 0;
			shellPath = /bin/sh;
			shellScript = "diff \"${PODS_PODFILE_DIR_PATH}/Podfile.lock\" \"${PODS_ROOT}/Manifest.lock\" > /dev/null\nif [ $? != 0 ] ; then\n    # print error to STDERR\n    echo \"error: The sandbox is not in sync with the Podfile.lock. Run 'pod install' or update your CocoaPods installation.\" >&2\n    exit 1\nfi\n# This output is used by Xcode 'outputs' to avoid re-running this script phase.\necho \"SUCCESS\" > \"${SCRIPT_OUTPUT_FILE_0}\"\n";
			showEnvVarsInLog = 0;
		};
		F91A8E8E631BA6C1683B1303 /* [CP] Check Pods Manifest.lock */ = {
			isa = PBXShellScriptBuildPhase;
			buildActionMask = 2147483647;
			files = (
			);
			inputPaths = (
				"${PODS_PODFILE_DIR_PATH}/Podfile.lock",
				"${PODS_ROOT}/Manifest.lock",
			);
			name = "[CP] Check Pods Manifest.lock";
			outputPaths = (
				"$(DERIVED_FILE_DIR)/Pods-dollar-checkManifestLockResult.txt",
			);
			runOnlyForDeploymentPostprocessing = 0;
			shellPath = /bin/sh;
			shellScript = "diff \"${PODS_PODFILE_DIR_PATH}/Podfile.lock\" \"${PODS_ROOT}/Manifest.lock\" > /dev/null\nif [ $? != 0 ] ; then\n    # print error to STDERR\n    echo \"error: The sandbox is not in sync with the Podfile.lock. Run 'pod install' or update your CocoaPods installation.\" >&2\n    exit 1\nfi\n# This output is used by Xcode 'outputs' to avoid re-running this script phase.\necho \"SUCCESS\" > \"${SCRIPT_OUTPUT_FILE_0}\"\n";
			showEnvVarsInLog = 0;
		};
		F9F7E0154B2607CCF9639D8B /* [CP] Embed Pods Frameworks */ = {
			isa = PBXShellScriptBuildPhase;
			buildActionMask = 2147483647;
			files = (
			);
			inputPaths = (
			);
			name = "[CP] Embed Pods Frameworks";
			outputPaths = (
			);
			runOnlyForDeploymentPostprocessing = 0;
			shellPath = /bin/sh;
			shellScript = "\"${SRCROOT}/Pods/Target Support Files/Pods-dollarTests/Pods-dollarTests-frameworks.sh\"\n";
			showEnvVarsInLog = 0;
		};
/* End PBXShellScriptBuildPhase section */

/* Begin PBXSourcesBuildPhase section */
		385062A092676BAF80AB9D8B /* Sources */ = {
			isa = PBXSourcesBuildPhase;
			buildActionMask = 2147483647;
			files = (
				38506C74EFA3A8FA0E3336C3 /* dollarUITests.swift in Sources */,
			);
			runOnlyForDeploymentPostprocessing = 0;
		};
		38506CEA598BBF3B323FED3A /* Sources */ = {
			isa = PBXSourcesBuildPhase;
			buildActionMask = 2147483647;
			files = (
				385064FD74F5ECC60E6B84B9 /* AppDelegate.swift in Sources */,
				385061D99B12462C39A8847F /* GameScene.swift in Sources */,
				385064AAF0696D8D3B8CC3E9 /* GameViewController.swift in Sources */,
			);
			runOnlyForDeploymentPostprocessing = 0;
		};
		38506FE4F0C3CD5B8309C561 /* Sources */ = {
			isa = PBXSourcesBuildPhase;
			buildActionMask = 2147483647;
			files = (
				385063B74762C6DE4CBE8927 /* dollarTests.swift in Sources */,
			);
			runOnlyForDeploymentPostprocessing = 0;
		};
/* End PBXSourcesBuildPhase section */

/* Begin PBXTargetDependency section */
		38506582AB74025A6B35A025 /* PBXTargetDependency */ = {
			isa = PBXTargetDependency;
			target = 38506E1F073CEA3318E35BBA /* dollar */;
			targetProxy = 3850611AF3CA19A7AC524553 /* PBXContainerItemProxy */;
		};
		38506F39D312C88D9B707255 /* PBXTargetDependency */ = {
			isa = PBXTargetDependency;
			target = 38506E1F073CEA3318E35BBA /* dollar */;
			targetProxy = 38506ED1DF1B767B0F511218 /* PBXContainerItemProxy */;
		};
/* End PBXTargetDependency section */

/* Begin PBXVariantGroup section */
		38506D1EBC764044B81BD0E3 /* LaunchScreen.storyboard */ = {
			isa = PBXVariantGroup;
			children = (
				38506DA05B12925CF3C0E4F4 /* Base */,
			);
			name = LaunchScreen.storyboard;
			sourceTree = "<group>";
		};
/* End PBXVariantGroup section */

/* Begin XCBuildConfiguration section */
		3850614F5C0DD716D20E0728 /* Release */ = {
			isa = XCBuildConfiguration;
			baseConfigurationReference = 3F37AE4C4E33139BB2F6F371 /* Pods-dollarTests.release.xcconfig */;
			buildSettings = {
				BUNDLE_LOADER = "$(BUILT_PRODUCTS_DIR)/dollar.app/dollar";
				INFOPLIST_FILE = dollarTests/Info.plist;
				LD_RUNPATH_SEARCH_PATHS = "$(inherited) @executable_path/Frameworks @loader_path/Frameworks";
				PRODUCT_BUNDLE_IDENTIFIER = com.yiyiyi.dollarTests;
				PRODUCT_NAME = "$(TARGET_NAME)";
				SWIFT_VERSION = 4.0;
				TARGETED_DEVICE_FAMILY = "1,2";
				TEST_HOST = "$(BUNDLE_LOADER)";
			};
			name = Release;
		};
		3850641E82E8569C19F45F64 /* Debug */ = {
			isa = XCBuildConfiguration;
			baseConfigurationReference = C457DB9B02B08A40B822FA59 /* Pods-dollarUITests.debug.xcconfig */;
			buildSettings = {
				INFOPLIST_FILE = dollarUITests/Info.plist;
				LD_RUNPATH_SEARCH_PATHS = "$(inherited) @executable_path/Frameworks @loader_path/Frameworks";
				PRODUCT_BUNDLE_IDENTIFIER = com.yiyiyi.dollarUITests;
				PRODUCT_NAME = "$(TARGET_NAME)";
				SWIFT_VERSION = 4.0;
				TARGETED_DEVICE_FAMILY = "1,2";
				TEST_TARGET_NAME = dollar;
			};
			name = Debug;
		};
		38506755D9431001B68CE7FE /* Release */ = {
			isa = XCBuildConfiguration;
			buildSettings = {
				ALWAYS_SEARCH_USER_PATHS = NO;
				CLANG_ANALYZER_NONNULL = YES;
				CLANG_ANALYZER_NUMBER_OBJECT_CONVERSION = YES_AGGRESSIVE;
				CLANG_CXX_LANGUAGE_STANDARD = "gnu++14";
				CLANG_CXX_LIBRARY = "libc++";
				CLANG_ENABLE_MODULES = YES;
				CLANG_ENABLE_OBJC_ARC = YES;
				CLANG_WARN_BLOCK_CAPTURE_AUTORELEASING = YES;
				CLANG_WARN_BOOL_CONVERSION = YES;
				CLANG_WARN_COMMA = YES;
				CLANG_WARN_CONSTANT_CONVERSION = YES;
				CLANG_WARN_DIRECT_OBJC_ISA_USAGE = YES_ERROR;
				CLANG_WARN_DOCUMENTATION_COMMENTS = YES;
				CLANG_WARN_EMPTY_BODY = YES;
				CLANG_WARN_ENUM_CONVERSION = YES;
				CLANG_WARN_INFINITE_RECURSION = YES;
				CLANG_WARN_INT_CONVERSION = YES;
				CLANG_WARN_NON_LITERAL_NULL_CONVERSION = YES;
				CLANG_WARN_OBJC_LITERAL_CONVERSION = YES;
				CLANG_WARN_OBJC_ROOT_CLASS = YES_ERROR;
				CLANG_WARN_RANGE_LOOP_ANALYSIS = YES;
				CLANG_WARN_STRICT_PROTOTYPES = YES;
				CLANG_WARN_SUSPICIOUS_MOVE = YES;
				CLANG_WARN_UNGUARDED_AVAILABILITY = YES_AGGRESSIVE;
				CLANG_WARN_UNREACHABLE_CODE = YES;
				CLANG_WARN__DUPLICATE_METHOD_MATCH = YES;
				CODE_SIGN_IDENTITY = "iPhone Developer";
				COPY_PHASE_STRIP = NO;
				DEBUG_INFORMATION_FORMAT = "dwarf-with-dsym";
				ENABLE_NS_ASSERTIONS = NO;
				ENABLE_STRICT_OBJC_MSGSEND = YES;
				GCC_C_LANGUAGE_STANDARD = gnu11;
				GCC_NO_COMMON_BLOCKS = YES;
				GCC_WARN_64_TO_32_BIT_CONVERSION = YES;
				GCC_WARN_ABOUT_RETURN_TYPE = YES_ERROR;
				GCC_WARN_UNDECLARED_SELECTOR = YES;
				GCC_WARN_UNINITIALIZED_AUTOS = YES_AGGRESSIVE;
				GCC_WARN_UNUSED_FUNCTION = YES;
				GCC_WARN_UNUSED_VARIABLE = YES;
				IPHONEOS_DEPLOYMENT_TARGET = 11.1;
				MTL_ENABLE_DEBUG_INFO = NO;
				SDKROOT = iphoneos;
				SWIFT_OPTIMIZATION_LEVEL = "-Owholemodule";
				VALIDATE_PRODUCT = YES;
			};
			name = Release;
		};
		385067794B183EDB5C243964 /* Debug */ = {
			isa = XCBuildConfiguration;
			baseConfigurationReference = 45FDAA066EE6E8504D5B7AE4 /* Pods-dollar.debug.xcconfig */;
			buildSettings = {
				ASSETCATALOG_COMPILER_APPICON_NAME = AppIcon;
				INFOPLIST_FILE = dollar/Info.plist;
				LD_RUNPATH_SEARCH_PATHS = "$(inherited) @executable_path/Frameworks";
				PRODUCT_BUNDLE_IDENTIFIER = com.yiyiyi.dollar;
				PRODUCT_NAME = "$(TARGET_NAME)";
				SWIFT_VERSION = 4.0;
				TARGETED_DEVICE_FAMILY = "1,2";
			};
			name = Debug;
		};
		385067863CB47A6B98E96B32 /* Release */ = {
			isa = XCBuildConfiguration;
			baseConfigurationReference = F97D61709F095CA5D064C0D6 /* Pods-dollar.release.xcconfig */;
			buildSettings = {
				ASSETCATALOG_COMPILER_APPICON_NAME = AppIcon;
				INFOPLIST_FILE = dollar/Info.plist;
				LD_RUNPATH_SEARCH_PATHS = "$(inherited) @executable_path/Frameworks";
				PRODUCT_BUNDLE_IDENTIFIER = com.yiyiyi.dollar;
				PRODUCT_NAME = "$(TARGET_NAME)";
				SWIFT_VERSION = 4.0;
				TARGETED_DEVICE_FAMILY = "1,2";
			};
			name = Release;
		};
		38506A869F802A4EDE29F4E6 /* Release */ = {
			isa = XCBuildConfiguration;
			baseConfigurationReference = 36ED4E63AA5CC47160EDEFF0 /* Pods-dollarUITests.release.xcconfig */;
			buildSettings = {
				INFOPLIST_FILE = dollarUITests/Info.plist;
				LD_RUNPATH_SEARCH_PATHS = "$(inherited) @executable_path/Frameworks @loader_path/Frameworks";
				PRODUCT_BUNDLE_IDENTIFIER = com.yiyiyi.dollarUITests;
				PRODUCT_NAME = "$(TARGET_NAME)";
				SWIFT_VERSION = 4.0;
				TARGETED_DEVICE_FAMILY = "1,2";
				TEST_TARGET_NAME = dollar;
			};
			name = Release;
		};
		38506C3368E21A02312554FC /* Debug */ = {
			isa = XCBuildConfiguration;
			buildSettings = {
				ALWAYS_SEARCH_USER_PATHS = NO;
				CLANG_ANALYZER_NONNULL = YES;
				CLANG_ANALYZER_NUMBER_OBJECT_CONVERSION = YES_AGGRESSIVE;
				CLANG_CXX_LANGUAGE_STANDARD = "gnu++14";
				CLANG_CXX_LIBRARY = "libc++";
				CLANG_ENABLE_MODULES = YES;
				CLANG_ENABLE_OBJC_ARC = YES;
				CLANG_WARN_BLOCK_CAPTURE_AUTORELEASING = YES;
				CLANG_WARN_BOOL_CONVERSION = YES;
				CLANG_WARN_COMMA = YES;
				CLANG_WARN_CONSTANT_CONVERSION = YES;
				CLANG_WARN_DIRECT_OBJC_ISA_USAGE = YES_ERROR;
				CLANG_WARN_DOCUMENTATION_COMMENTS = YES;
				CLANG_WARN_EMPTY_BODY = YES;
				CLANG_WARN_ENUM_CONVERSION = YES;
				CLANG_WARN_INFINITE_RECURSION = YES;
				CLANG_WARN_INT_CONVERSION = YES;
				CLANG_WARN_NON_LITERAL_NULL_CONVERSION = YES;
				CLANG_WARN_OBJC_LITERAL_CONVERSION = YES;
				CLANG_WARN_OBJC_ROOT_CLASS = YES_ERROR;
				CLANG_WARN_RANGE_LOOP_ANALYSIS = YES;
				CLANG_WARN_STRICT_PROTOTYPES = YES;
				CLANG_WARN_SUSPICIOUS_MOVE = YES;
				CLANG_WARN_UNGUARDED_AVAILABILITY = YES_AGGRESSIVE;
				CLANG_WARN_UNREACHABLE_CODE = YES;
				CLANG_WARN__DUPLICATE_METHOD_MATCH = YES;
				CODE_SIGN_IDENTITY = "iPhone Developer";
				COPY_PHASE_STRIP = NO;
				DEBUG_INFORMATION_FORMAT = dwarf;
				ENABLE_STRICT_OBJC_MSGSEND = YES;
				ENABLE_TESTABILITY = YES;
				GCC_C_LANGUAGE_STANDARD = gnu11;
				GCC_DYNAMIC_NO_PIC = NO;
				GCC_NO_COMMON_BLOCKS = YES;
				GCC_OPTIMIZATION_LEVEL = 0;
				GCC_PREPROCESSOR_DEFINITIONS = (
					"DEBUG=1",
					"$(inherited)",
				);
				GCC_WARN_64_TO_32_BIT_CONVERSION = YES;
				GCC_WARN_ABOUT_RETURN_TYPE = YES_ERROR;
				GCC_WARN_UNDECLARED_SELECTOR = YES;
				GCC_WARN_UNINITIALIZED_AUTOS = YES_AGGRESSIVE;
				GCC_WARN_UNUSED_FUNCTION = YES;
				GCC_WARN_UNUSED_VARIABLE = YES;
				IPHONEOS_DEPLOYMENT_TARGET = 11.1;
				MTL_ENABLE_DEBUG_INFO = YES;
				ONLY_ACTIVE_ARCH = YES;
				SDKROOT = iphoneos;
				SWIFT_ACTIVE_COMPILATION_CONDITIONS = DEBUG;
				SWIFT_OPTIMIZATION_LEVEL = "-Onone";
			};
			name = Debug;
		};
		38506E2241932DA309A87F22 /* Debug */ = {
			isa = XCBuildConfiguration;
			baseConfigurationReference = 7DAFEE326E584947F3B66C23 /* Pods-dollarTests.debug.xcconfig */;
			buildSettings = {
				BUNDLE_LOADER = "$(BUILT_PRODUCTS_DIR)/dollar.app/dollar";
				INFOPLIST_FILE = dollarTests/Info.plist;
				LD_RUNPATH_SEARCH_PATHS = "$(inherited) @executable_path/Frameworks @loader_path/Frameworks";
				PRODUCT_BUNDLE_IDENTIFIER = com.yiyiyi.dollarTests;
				PRODUCT_NAME = "$(TARGET_NAME)";
				SWIFT_VERSION = 4.0;
				TARGETED_DEVICE_FAMILY = "1,2";
				TEST_HOST = "$(BUNDLE_LOADER)";
			};
			name = Debug;
		};
/* End XCBuildConfiguration section */

/* Begin XCConfigurationList section */
		38506391A5E1C07BCE843023 /* Build configuration list for PBXNativeTarget "dollarTests" */ = {
			isa = XCConfigurationList;
			buildConfigurations = (
				38506E2241932DA309A87F22 /* Debug */,
				3850614F5C0DD716D20E0728 /* Release */,
			);
			defaultConfigurationIsVisible = 0;
		};
		385063A518FF9637435FFCD4 /* Build configuration list for PBXProject "dollar" */ = {
			isa = XCConfigurationList;
			buildConfigurations = (
				38506C3368E21A02312554FC /* Debug */,
				38506755D9431001B68CE7FE /* Release */,
			);
			defaultConfigurationIsVisible = 0;
			defaultConfigurationName = Release;
		};
		385066CFF87191484DDDC5B1 /* Build configuration list for PBXNativeTarget "dollar" */ = {
			isa = XCConfigurationList;
			buildConfigurations = (
				385067794B183EDB5C243964 /* Debug */,
				385067863CB47A6B98E96B32 /* Release */,
			);
			defaultConfigurationIsVisible = 0;
		};
		3850690C9C182D130702F7D0 /* Build configuration list for PBXNativeTarget "dollarUITests" */ = {
			isa = XCConfigurationList;
			buildConfigurations = (
				3850641E82E8569C19F45F64 /* Debug */,
				38506A869F802A4EDE29F4E6 /* Release */,
			);
			defaultConfigurationIsVisible = 0;
		};
/* End XCConfigurationList section */
	};
	rootObject = 385063522DC74A5C23DF2276 /* Project object */;
}
